
Microsoft Visual Studio Solution File, Format Version 12.00
# Visual Studio Version 17
VisualStudioVersion = 17.4.33213.308
MinimumVisualStudioVersion = 10.0.40219.1
Project("{9A19103F-16F7-4668-BE54-9A1E7A4F7556}") = "Labo13", "Labo13\Labo13.csproj", "{3BD358C4-9D3F-4CE5-B747-0C5DA42C0BD1}"
EndProject
Project("{FAE04EC0-301F-11D3-BF4B-00C04F79EFBC}") = "TestProject1", "TestProject1\TestProject1.csproj", "{FD221B9E-CC60-4077-9B9C-D88B95D5E5AC}"
EndProject
Global
	GlobalSection(SolutionConfigurationPlatforms) = preSolution
		Debug|Any CPU = Debug|Any CPU
		Release|Any CPU = Release|Any CPU
	EndGlobalSection
	GlobalSection(ProjectConfigurationPlatforms) = postSolution
		{3BD358C4-9D3F-4CE5-B747-0C5DA42C0BD1}.Debug|Any CPU.ActiveCfg = Debug|Any CPU
		{3BD358C4-9D3F-4CE5-B747-0C5DA42C0BD1}.Debug|Any CPU.Build.0 = Debug|Any CPU
		{3BD358C4-9D3F-4CE5-B747-0C5DA42C0BD1}.Release|Any CPU.ActiveCfg = Release|Any CPU
		{3BD358C4-9D3F-4CE5-B747-0C5DA42C0BD1}.Release|Any CPU.Build.0 = Release|Any CPU
		{FD221B9E-CC60-4077-9B9C-D88B95D5E5AC}.Debug|Any CPU.ActiveCfg = Debug|Any CPU
		{FD221B9E-CC60-4077-9B9C-D88B95D5E5AC}.Debug|Any CPU.Build.0 = Debug|Any CPU
		{FD221B9E-CC60-4077-9B9C-D88B95D5E5AC}.Release|Any CPU.ActiveCfg = Release|Any CPU
		{FD221B9E-CC60-4077-9B9C-D88B95D5E5AC}.Release|Any CPU.Build.0 = Release|Any CPU
	EndGlobalSection
	GlobalSection(SolutionProperties) = preSolution
		HideSolutionNode = FALSE
	EndGlobalSection
	GlobalSection(ExtensibilityGlobals) = postSolution
		SolutionGuid = {58907711-FDD4-4464-B9B6-9D2E144326FA}
	EndGlobalSection
EndGlobal
